<?xml version="1.0" encoding="utf-8"?>
<Project ToolsVersion="4.0" xmlns="http://schemas.microsoft.com/developer/msbuild/2003">
  <ItemGroup>
    <Filter Include="Source Files">
      <UniqueIdentifier>{4FC737F1-C7A5-4376-A066-2A32D752A2FF}</UniqueIdentifier>
      <Extensions>cpp;c;cxx;cc;s;asm</Extensions>
    </Filter>
    <Filter Include="Header Files">
      <UniqueIdentifier>{93995380-89BD-4b04-88EB-625FBE52EBFB}</UniqueIdentifier>
      <Extensions>h;hpp</Extensions>
    </Filter>
  </ItemGroup>
  <ItemGroup>
    <ClCompile Include="main.c">
      <Filter>Source Files</Filter>
    </ClCompile>
    <ClCompile Include="symtable.c">
      <Filter>Source Files</Filter>
    </ClCompile>
    <ClCompile Include="symtable_custom.c">
      <Filter>Source Files</Filter>
    </ClCompile>
    <ClCompile Include="fs_overlay.c">
      <Filter>Source Files</Filter>
    </ClCompile>
    <ClCompile Include="dialog.c">
      <Filter>Source Files</Filter>
    </ClCompile>
    <ClCompile Include="so_util.c">
      <Filter>Source Files</Filter>
    </ClCompile>
  </ItemGroup>
  <ItemGroup>
    <ClInclude Include="config.h">
      <Filter>Header Files</Filter>
    </ClInclude>
    <ClInclude Include="elf.h">
      <Filter>Header Files</Filter>
    </ClInclude>
    <ClInclude Include="main.h">
      <Filter>Header Files</Filter>
    </ClInclude>
    <ClInclude Include="so_util.h">
      <Filter>Header Files</Filter>
    </ClInclude>
    <ClInclude Include="symtable.h">
      <Filter>Header Files</Filter>
    </ClInclude>
    <ClInclude Include="symtable_custom.h">
      <Filter>Header Files</Filter>
    </ClInclude>
    <ClInclude Include="al_error.h">
      <Filter>Header Files</Filter>
    </ClInclude>
    <ClInclude Include="sfp2hfp.h">
      <Filter>Header Files</Filter>
    </ClInclude>
    <ClInclude Include="newlib_posix_bridge.h">
      <Filter>Header Files</Filter>
    </ClInclude>
    <ClInclude Include="fs_overlay.h">
      <Filter>Header Files</Filter>
    </ClInclude>
    <ClInclude Include="dialog.h">
      <Filter>Header Files</Filter>
    </ClInclude>
  </ItemGroup>
  <ItemGroup>
    <None Include="so_util_vm.c">
      <Filter>Source Files</Filter>
    </None>
  </ItemGroup>
</Project>